# @generated by Move, please check-in and do not edit manually.

[move]
version = 3
manifest_digest = "F1C00B5014F095AFDF6505605AE10D265EEF2C42091ABE28DF1BA0C1B8A053B4"
deps_digest = "F8BBB0CCB2491CA29A3DF03D6F92277A4F3574266507ACD77214D37ECA3F3082"
dependencies = [
  { id = "MoveStdlib", name = "MoveStdlib" },
]

[[move.package]]
id = "MoveStdlib"
source = { local = "/Users/macbook/move-stdlib/language/move-stdlib" }
